PODS:
  - Flutter (1.0.0)
  - flutter_open_whatsapp (0.0.1):
    - Flutter
  - image_picker (0.0.1):
    - Flutter
  - majascan (0.0.5):
    - Flutter
  - path_provider (0.0.1):
    - Flutter
  - "permission_handler (5.1.0+2)":
    - Flutter
  - shared_preferences (0.0.1):
    - Flutter
  - url_launcher (0.0.1):
    - Flutter
  - vibration (1.7.3):
    - Flutter

DEPENDENCIES:
  - Flutter (from `Flutter`)
  - flutter_open_whatsapp (from `.symlinks/plugins/flutter_open_whatsapp/ios`)
  - image_picker (from `.symlinks/plugins/image_picker/ios`)
  - majascan (from `.symlinks/plugins/majascan/ios`)
  - path_provider (from `.symlinks/plugins/path_provider/ios`)
  - permission_handler (from `.symlinks/plugins/permission_handler/ios`)
  - shared_preferences (from `.symlinks/plugins/shared_preferences/ios`)
  - url_launcher (from `.symlinks/plugins/url_launcher/ios`)
  - vibration (from `.symlinks/plugins/vibration/ios`)

EXTERNAL SOURCES:
  Flutter:
    :path: Flutter
  flutter_open_whatsapp:
    :path: ".symlinks/plugins/flutter_open_whatsapp/ios"
  image_picker:
    :path: ".symlinks/plugins/image_picker/ios"
  majascan:
    :path: ".symlinks/plugins/majascan/ios"
  path_provider:
    :path: ".symlinks/plugins/path_provider/ios"
  permission_handler:
    :path: ".symlinks/plugins/permission_handler/ios"
  shared_preferences:
    :path: ".symlinks/plugins/shared_preferences/ios"
  url_launcher:
    :path: ".symlinks/plugins/url_launcher/ios"
  vibration:
    :path: ".symlinks/plugins/vibration/ios"

SPEC CHECKSUMS:
  Flutter: 0e3d915762c693b495b44d77113d4970485de6ec
  flutter_open_whatsapp: 4b54cd5403cfe53414e4252fd52fc27f79635f58
  image_picker: 9c3312491f862b28d21ecd8fdf0ee14e601b3f09
  majascan: 473bd426fa19600b6ca287bc948d40b2194d5c0b
  path_provider: abfe2b5c733d04e238b0d8691db0cfd63a27a93c
  permission_handler: ccb20a9fad0ee9b1314a52b70b76b473c5f8dab0
  shared_preferences: af6bfa751691cdc24be3045c43ec037377ada40d
  url_launcher: 6fef411d543ceb26efce54b05a0a40bfd74cbbef
  vibration: b5a33e764c3f609a975b9dca73dce20fdde627dc

PODFILE CHECKSUM: aafe91acc616949ddb318b77800a7f51bffa2a4c

COCOAPODS: 1.10.2
